
Microsoft Visual Studio Solution File, Format Version 12.00
# Visual Studio Version 16
VisualStudioVersion = 16.0.31729.503
MinimumVisualStudioVersion = 10.0.40219.1
Project("{FAE04EC0-301F-11D3-BF4B-00C04F79EFBC}") = "WpfTreeView", "WpfTreeView\WpfTreeView.csproj", "{9DA38F64-2540-4A20-B799-6F6AD48C73A1}"
EndProject
Global
	GlobalSection(SolutionConfigurationPlatforms) = preSolution
		Debug|Any CPU = Debug|Any CPU
		Release|Any CPU = Release|Any CPU
	EndGlobalSection
	GlobalSection(ProjectConfigurationPlatforms) = postSolution
		{9DA38F64-2540-4A20-B799-6F6AD48C73A1}.Debug|Any CPU.ActiveCfg = Debug|Any CPU
		{9DA38F64-2540-4A20-B799-6F6AD48C73A1}.Debug|Any CPU.Build.0 = Debug|Any CPU
		{9DA38F64-2540-4A20-B799-6F6AD48C73A1}.Release|Any CPU.ActiveCfg = Release|Any CPU
		{9DA38F64-2540-4A20-B799-6F6AD48C73A1}.Release|Any CPU.Build.0 = Release|Any CPU
	EndGlobalSection
	GlobalSection(SolutionProperties) = preSolution
		HideSolutionNode = FALSE
	EndGlobalSection
	GlobalSection(ExtensibilityGlobals) = postSolution
		SolutionGuid = {39CE1CD3-4511-45E7-A870-E9AB8E9FC799}
	EndGlobalSection
EndGlobal
